// !$*UTF8*$!
{
	archiveVersion = 1;
	classes = {
	};
	objectVersion = 46;
	objects = {

/* Begin PBXBuildFile section */
		012935A51B5CA12600B047EC /* SetStoreViewController.m in Sources */ = {isa = PBXBuildFile; fileRef = 012935A41B5CA12600B047EC /* SetStoreViewController.m */; };
		017F74081B43CC8A00127DBE /* SpecsViewController.m in Sources */ = {isa = PBXBuildFile; fileRef = 017F74071B43CC8A00127DBE /* SpecsViewController.m */; };
		01833B711B3BE82D0058B22A /* main.m in Sources */ = {isa = PBXBuildFile; fileRef = 01833B701B3BE82D0058B22A /* main.m */; };
		01833B741B3BE82D0058B22A /* AppDelegate.m in Sources */ = {isa = PBXBuildFile; fileRef = 01833B731B3BE82D0058B22A /* AppDelegate.m */; };
		01833B761B3BE82D0058B22A /* BBYScanner-Prefix.pch in Resources */ = {isa = PBXBuildFile; fileRef = 01833B751B3BE82D0058B22A /* BBYScanner-Prefix.pch */; };
		01833B781B3BE82D0058B22A /* Images.xcassets in Resources */ = {isa = PBXBuildFile; fileRef = 01833B771B3BE82D0058B22A /* Images.xcassets */; };
		01833B7B1B3BE82D0058B22A /* LaunchScreen.xib in Resources */ = {isa = PBXBuildFile; fileRef = 01833B791B3BE82D0058B22A /* LaunchScreen.xib */; };
		01833B871B3BE82D0058B22A /* BBYScannerTests.m in Sources */ = {isa = PBXBuildFile; fileRef = 01833B861B3BE82D0058B22A /* BBYScannerTests.m */; };
		01833B911B3BE83A0058B22A /* Storyboard.storyboard in Resources */ = {isa = PBXBuildFile; fileRef = 01833B901B3BE83A0058B22A /* Storyboard.storyboard */; };
		01833B941B3BE8DB0058B22A /* UIKit.framework in Frameworks */ = {isa = PBXBuildFile; fileRef = 01833B931B3BE8DB0058B22A /* UIKit.framework */; };
		01833B961B3BE8E10058B22A /* QuartzCore.framework in Frameworks */ = {isa = PBXBuildFile; fileRef = 01833B951B3BE8E10058B22A /* QuartzCore.framework */; };
		01833B981B3BE8E70058B22A /* CoreGraphics.framework in Frameworks */ = {isa = PBXBuildFile; fileRef = 01833B971B3BE8E70058B22A /* CoreGraphics.framework */; };
		01833B9A1B3BE8F50058B22A /* AVFoundation.framework in Frameworks */ = {isa = PBXBuildFile; fileRef = 01833B991B3BE8F50058B22A /* AVFoundation.framework */; };
		01833B9C1B3BE8FC0058B22A /* Foundation.framework in Frameworks */ = {isa = PBXBuildFile; fileRef = 01833B9B1B3BE8FC0058B22A /* Foundation.framework */; };
		01833B9F1B3BE94C0058B22A /* PrimaryViewController.m in Sources */ = {isa = PBXBuildFile; fileRef = 01833B9E1B3BE94C0058B22A /* PrimaryViewController.m */; };
		01833BA11B3BEAE90058B22A /* ScanBarCodes-Info.plist in Resources */ = {isa = PBXBuildFile; fileRef = 01833BA01B3BEAE90058B22A /* ScanBarCodes-Info.plist */; };
		01833BD71B3D16D00058B22A /* Functions.m in Sources */ = {isa = PBXBuildFile; fileRef = 01833BD61B3D16D00058B22A /* Functions.m */; };
		01D7BDBA1B6217C500AD77A4 /* SF-UI-Text-Light.otf in Resources */ = {isa = PBXBuildFile; fileRef = 01D7BDB81B6217C500AD77A4 /* SF-UI-Text-Light.otf */; };
		01D7BDBB1B6217C500AD77A4 /* SF-UI-Text-Regular.otf in Resources */ = {isa = PBXBuildFile; fileRef = 01D7BDB91B6217C500AD77A4 /* SF-UI-Text-Regular.otf */; };
		01D7BDBE1B6242DA00AD77A4 /* splash.png in Resources */ = {isa = PBXBuildFile; fileRef = 01D7BDBD1B6242DA00AD77A4 /* splash.png */; };
/* End PBXBuildFile section */

/* Begin PBXContainerItemProxy section */
		01833B811B3BE82D0058B22A /* PBXContainerItemProxy */ = {
			isa = PBXContainerItemProxy;
			containerPortal = 01833B631B3BE82C0058B22A /* Project object */;
			proxyType = 1;
			remoteGlobalIDString = 01833B6A1B3BE82C0058B22A;
			remoteInfo = BBYScanner;
		};
/* End PBXContainerItemProxy section */

/* Begin PBXFileReference section */
		012935A31B5CA12600B047EC /* SetStoreViewController.h */ = {isa = PBXFileReference; fileEncoding = 4; lastKnownFileType = sourcecode.c.h; path = SetStoreViewController.h; sourceTree = "<group>"; };
		012935A41B5CA12600B047EC /* SetStoreViewController.m */ = {isa = PBXFileReference; fileEncoding = 4; lastKnownFileType = sourcecode.c.objc; path = SetStoreViewController.m; sourceTree = "<group>"; };
		017F74061B43CC8A00127DBE /* SpecsViewController.h */ = {isa = PBXFileReference; fileEncoding = 4; lastKnownFileType = sourcecode.c.h; path = SpecsViewController.h; sourceTree = "<group>"; };
		017F74071B43CC8A00127DBE /* SpecsViewController.m */ = {isa = PBXFileReference; fileEncoding = 4; lastKnownFileType = sourcecode.c.objc; path = SpecsViewController.m; sourceTree = "<group>"; };
		01833B6B1B3BE82C0058B22A /* BBYScanner.app */ = {isa = PBXFileReference; explicitFileType = wrapper.application; includeInIndex = 0; path = BBYScanner.app; sourceTree = BUILT_PRODUCTS_DIR; };
		01833B6F1B3BE82D0058B22A /* Info.plist */ = {isa = PBXFileReference; lastKnownFileType = text.plist.xml; path = Info.plist; sourceTree = "<group>"; };
		01833B701B3BE82D0058B22A /* main.m */ = {isa = PBXFileReference; lastKnownFileType = sourcecode.c.objc; path = main.m; sourceTree = "<group>"; };
		01833B721B3BE82D0058B22A /* AppDelegate.h */ = {isa = PBXFileReference; lastKnownFileType = sourcecode.c.h; path = AppDelegate.h; sourceTree = "<group>"; };
		01833B731B3BE82D0058B22A /* AppDelegate.m */ = {isa = PBXFileReference; lastKnownFileType = sourcecode.c.objc; path = AppDelegate.m; sourceTree = "<group>"; };
		01833B751B3BE82D0058B22A /* BBYScanner-Prefix.pch */ = {isa = PBXFileReference; lastKnownFileType = sourcecode.c.h; path = "BBYScanner-Prefix.pch"; sourceTree = "<group>"; };
		01833B771B3BE82D0058B22A /* Images.xcassets */ = {isa = PBXFileReference; lastKnownFileType = folder.assetcatalog; path = Images.xcassets; sourceTree = "<group>"; };
		01833B7A1B3BE82D0058B22A /* Base */ = {isa = PBXFileReference; lastKnownFileType = file.xib; name = Base; path = Base.lproj/LaunchScreen.xib; sourceTree = "<group>"; };
		01833B801B3BE82D0058B22A /* BBYScanner.temp_caseinsensitive_renameTests.xctest */ = {isa = PBXFileReference; explicitFileType = wrapper.cfbundle; includeInIndex = 0; path = BBYScanner.temp_caseinsensitive_renameTests.xctest; sourceTree = BUILT_PRODUCTS_DIR; };
		01833B851B3BE82D0058B22A /* Info.plist */ = {isa = PBXFileReference; lastKnownFileType = text.plist.xml; path = Info.plist; sourceTree = "<group>"; };
		01833B861B3BE82D0058B22A /* BBYScannerTests.m */ = {isa = PBXFileReference; lastKnownFileType = sourcecode.c.objc; path = BBYScannerTests.m; sourceTree = "<group>"; };
		01833B901B3BE83A0058B22A /* Storyboard.storyboard */ = {isa = PBXFileReference; fileEncoding = 4; lastKnownFileType = file.storyboard; path = Storyboard.storyboard; sourceTree = "<group>"; };
		01833B931B3BE8DB0058B22A /* UIKit.framework */ = {isa = PBXFileReference; lastKnownFileType = wrapper.framework; name = UIKit.framework; path = System/Library/Frameworks/UIKit.framework; sourceTree = SDKROOT; };
		01833B951B3BE8E10058B22A /* QuartzCore.framework */ = {isa = PBXFileReference; lastKnownFileType = wrapper.framework; name = QuartzCore.framework; path = System/Library/Frameworks/QuartzCore.framework; sourceTree = SDKROOT; };
		01833B971B3BE8E70058B22A /* CoreGraphics.framework */ = {isa = PBXFileReference; lastKnownFileType = wrapper.framework; name = CoreGraphics.framework; path = System/Library/Frameworks/CoreGraphics.framework; sourceTree = SDKROOT; };
		01833B991B3BE8F50058B22A /* AVFoundation.framework */ = {isa = PBXFileReference; lastKnownFileType = wrapper.framework; name = AVFoundation.framework; path = System/Library/Frameworks/AVFoundation.framework; sourceTree = SDKROOT; };
		01833B9B1B3BE8FC0058B22A /* Foundation.framework */ = {isa = PBXFileReference; lastKnownFileType = wrapper.framework; name = Foundation.framework; path = System/Library/Frameworks/Foundation.framework; sourceTree = SDKROOT; };
		01833B9D1B3BE94C0058B22A /* PrimaryViewController.h */ = {isa = PBXFileReference; fileEncoding = 4; lastKnownFileType = sourcecode.c.h; path = PrimaryViewController.h; sourceTree = "<group>"; };
		01833B9E1B3BE94C0058B22A /* PrimaryViewController.m */ = {isa = PBXFileReference; fileEncoding = 4; lastKnownFileType = sourcecode.c.objc; path = PrimaryViewController.m; sourceTree = "<group>"; };
		01833BA01B3BEAE90058B22A /* ScanBarCodes-Info.plist */ = {isa = PBXFileReference; fileEncoding = 4; lastKnownFileType = text.plist.xml; path = "ScanBarCodes-Info.plist"; sourceTree = "<group>"; };
		01833BD51B3D16D00058B22A /* Functions.h */ = {isa = PBXFileReference; fileEncoding = 4; lastKnownFileType = sourcecode.c.h; path = Functions.h; sourceTree = "<group>"; };
		01833BD61B3D16D00058B22A /* Functions.m */ = {isa = PBXFileReference; fileEncoding = 4; lastKnownFileType = sourcecode.c.objc; path = Functions.m; sourceTree = "<group>"; };
		01D7BDB81B6217C500AD77A4 /* SF-UI-Text-Light.otf */ = {isa = PBXFileReference; lastKnownFileType = file; path = "SF-UI-Text-Light.otf"; sourceTree = "<group>"; };
		01D7BDB91B6217C500AD77A4 /* SF-UI-Text-Regular.otf */ = {isa = PBXFileReference; lastKnownFileType = file; path = "SF-UI-Text-Regular.otf"; sourceTree = "<group>"; };
		01D7BDBD1B6242DA00AD77A4 /* splash.png */ = {isa = PBXFileReference; lastKnownFileType = image.png; path = splash.png; sourceTree = "<group>"; };
/* End PBXFileReference section */

/* Begin PBXFrameworksBuildPhase section */
		01833B681B3BE82C0058B22A /* Frameworks */ = {
			isa = PBXFrameworksBuildPhase;
			buildActionMask = 2147483647;
			files = (
				01833B9C1B3BE8FC0058B22A /* Foundation.framework in Frameworks */,
				01833B9A1B3BE8F50058B22A /* AVFoundation.framework in Frameworks */,
				01833B981B3BE8E70058B22A /* CoreGraphics.framework in Frameworks */,
				01833B961B3BE8E10058B22A /* QuartzCore.framework in Frameworks */,
				01833B941B3BE8DB0058B22A /* UIKit.framework in Frameworks */,
			);
			runOnlyForDeploymentPostprocessing = 0;
		};
		01833B7D1B3BE82D0058B22A /* Frameworks */ = {
			isa = PBXFrameworksBuildPhase;
			buildActionMask = 2147483647;
			files = (
			);
			runOnlyForDeploymentPostprocessing = 0;
		};
/* End PBXFrameworksBuildPhase section */

/* Begin PBXGroup section */
		01833B621B3BE82C0058B22A = {
			isa = PBXGroup;
			children = (
				01D7BDBD1B6242DA00AD77A4 /* splash.png */,
				01833B921B3BE8C00058B22A /* Frameworks */,
				01833B901B3BE83A0058B22A /* Storyboard.storyboard */,
				01D7BDBC1B6217CD00AD77A4 /* Fonts */,
				01833B6D1B3BE82D0058B22A /* BBYScanner */,
				01833B831B3BE82D0058B22A /* BBYScannerTests */,
				01833B6C1B3BE82D0058B22A /* Products */,
			);
			sourceTree = "<group>";
		};
		01833B6C1B3BE82D0058B22A /* Products */ = {
			isa = PBXGroup;
			children = (
				01833B6B1B3BE82C0058B22A /* BBYScanner.app */,
				01833B801B3BE82D0058B22A /* BBYScanner.temp_caseinsensitive_renameTests.xctest */,
			);
			name = Products;
			sourceTree = "<group>";
		};
		01833B6D1B3BE82D0058B22A /* BBYScanner */ = {
			isa = PBXGroup;
			children = (
				01833B721B3BE82D0058B22A /* AppDelegate.h */,
				01833B731B3BE82D0058B22A /* AppDelegate.m */,
				01833BD51B3D16D00058B22A /* Functions.h */,
				01833BD61B3D16D00058B22A /* Functions.m */,
				01833B9D1B3BE94C0058B22A /* PrimaryViewController.h */,
				01833B9E1B3BE94C0058B22A /* PrimaryViewController.m */,
				017F74061B43CC8A00127DBE /* SpecsViewController.h */,
				017F74071B43CC8A00127DBE /* SpecsViewController.m */,
				012935A31B5CA12600B047EC /* SetStoreViewController.h */,
				012935A41B5CA12600B047EC /* SetStoreViewController.m */,
				01833B751B3BE82D0058B22A /* BBYScanner-Prefix.pch */,
				01833B771B3BE82D0058B22A /* Images.xcassets */,
				01833B791B3BE82D0058B22A /* LaunchScreen.xib */,
				01833B6E1B3BE82D0058B22A /* Supporting Files */,
			);
			path = BBYScanner;
			sourceTree = "<group>";
		};
		01833B6E1B3BE82D0058B22A /* Supporting Files */ = {
			isa = PBXGroup;
			children = (
				01833BA01B3BEAE90058B22A /* ScanBarCodes-Info.plist */,
				01833B6F1B3BE82D0058B22A /* Info.plist */,
				01833B701B3BE82D0058B22A /* main.m */,
			);
			name = "Supporting Files";
			sourceTree = "<group>";
		};
		01833B831B3BE82D0058B22A /* BBYScannerTests */ = {
			isa = PBXGroup;
			children = (
				01833B861B3BE82D0058B22A /* BBYScannerTests.m */,
				01833B841B3BE82D0058B22A /* Supporting Files */,
			);
			path = BBYScannerTests;
			sourceTree = "<group>";
		};
		01833B841B3BE82D0058B22A /* Supporting Files */ = {
			isa = PBXGroup;
			children = (
				01833B851B3BE82D0058B22A /* Info.plist */,
			);
			name = "Supporting Files";
			sourceTree = "<group>";
		};
		01833B921B3BE8C00058B22A /* Frameworks */ = {
			isa = PBXGroup;
			children = (
				01833B9B1B3BE8FC0058B22A /* Foundation.framework */,
				01833B991B3BE8F50058B22A /* AVFoundation.framework */,
				01833B971B3BE8E70058B22A /* CoreGraphics.framework */,
				01833B951B3BE8E10058B22A /* QuartzCore.framework */,
				01833B931B3BE8DB0058B22A /* UIKit.framework */,
			);
			name = Frameworks;
			path = BBYScanner.xcodeproj;
			sourceTree = "<group>";
		};
		01D7BDBC1B6217CD00AD77A4 /* Fonts */ = {
			isa = PBXGroup;
			children = (
				01D7BDB91B6217C500AD77A4 /* SF-UI-Text-Regular.otf */,
				01D7BDB81B6217C500AD77A4 /* SF-UI-Text-Light.otf */,
			);
			name = Fonts;
			sourceTree = "<group>";
		};
/* End PBXGroup section */

/* Begin PBXNativeTarget section */
		01833B6A1B3BE82C0058B22A /* BBYScanner.temp_caseinsensitive_rename */ = {
			isa = PBXNativeTarget;
			buildConfigurationList = 01833B8A1B3BE82D0058B22A /* Build configuration list for PBXNativeTarget "BBYScanner.temp_caseinsensitive_rename" */;
			buildPhases = (
				01833B671B3BE82C0058B22A /* Sources */,
				01833B681B3BE82C0058B22A /* Frameworks */,
				01833B691B3BE82C0058B22A /* Resources */,
			);
			buildRules = (
			);
			dependencies = (
			);
			name = BBYScanner.temp_caseinsensitive_rename;
			productName = BBYScanner;
			productReference = 01833B6B1B3BE82C0058B22A /* BBYScanner.app */;
			productType = "com.apple.product-type.application";
		};
		01833B7F1B3BE82D0058B22A /* BBYScanner.temp_caseinsensitive_renameTests */ = {
			isa = PBXNativeTarget;
			buildConfigurationList = 01833B8D1B3BE82D0058B22A /* Build configuration list for PBXNativeTarget "BBYScanner.temp_caseinsensitive_renameTests" */;
			buildPhases = (
				01833B7C1B3BE82D0058B22A /* Sources */,
				01833B7D1B3BE82D0058B22A /* Frameworks */,
				01833B7E1B3BE82D0058B22A /* Resources */,
			);
			buildRules = (
			);
			dependencies = (
				01833B821B3BE82D0058B22A /* PBXTargetDependency */,
			);
			name = BBYScanner.temp_caseinsensitive_renameTests;
			productName = BBYScannerTests;
			productReference = 01833B801B3BE82D0058B22A /* BBYScanner.temp_caseinsensitive_renameTests.xctest */;
			productType = "com.apple.product-type.bundle.unit-test";
		};
/* End PBXNativeTarget section */

/* Begin PBXProject section */
		01833B631B3BE82C0058B22A /* Project object */ = {
			isa = PBXProject;
			attributes = {
				LastUpgradeCheck = 0630;
				ORGANIZATIONNAME = "Frank Barrett";
				TargetAttributes = {
					01833B6A1B3BE82C0058B22A = {
						CreatedOnToolsVersion = 6.3.2;
						DevelopmentTeam = 79JST9M2ML;
					};
					01833B7F1B3BE82D0058B22A = {
						CreatedOnToolsVersion = 6.3.2;
						TestTargetID = 01833B6A1B3BE82C0058B22A;
					};
				};
			};
			buildConfigurationList = 01833B661B3BE82C0058B22A /* Build configuration list for PBXProject "BBYScanner" */;
			compatibilityVersion = "Xcode 3.2";
			developmentRegion = English;
			hasScannedForEncodings = 0;
			knownRegions = (
				en,
				Base,
			);
			mainGroup = 01833B621B3BE82C0058B22A;
			productRefGroup = 01833B6C1B3BE82D0058B22A /* Products */;
			projectDirPath = "";
			projectRoot = "";
			targets = (
				01833B6A1B3BE82C0058B22A /* BBYScanner.temp_caseinsensitive_rename */,
				01833B7F1B3BE82D0058B22A /* BBYScanner.temp_caseinsensitive_renameTests */,
			);
		};
/* End PBXProject section */

/* Begin PBXResourcesBuildPhase section */
		01833B691B3BE82C0058B22A /* Resources */ = {
			isa = PBXResourcesBuildPhase;
			buildActionMask = 2147483647;
			files = (
				01833B761B3BE82D0058B22A /* BBYScanner-Prefix.pch in Resources */,
				01833B911B3BE83A0058B22A /* Storyboard.storyboard in Resources */,
				01D7BDBE1B6242DA00AD77A4 /* splash.png in Resources */,
				01833B7B1B3BE82D0058B22A /* LaunchScreen.xib in Resources */,
				01833B781B3BE82D0058B22A /* Images.xcassets in Resources */,
				01D7BDBA1B6217C500AD77A4 /* SF-UI-Text-Light.otf in Resources */,
				01D7BDBB1B6217C500AD77A4 /* SF-UI-Text-Regular.otf in Resources */,
				01833BA11B3BEAE90058B22A /* ScanBarCodes-Info.plist in Resources */,
			);
			runOnlyForDeploymentPostprocessing = 0;
		};
		01833B7E1B3BE82D0058B22A /* Resources */ = {
			isa = PBXResourcesBuildPhase;
			buildActionMask = 2147483647;
			files = (
			);
			runOnlyForDeploymentPostprocessing = 0;
		};
/* End PBXResourcesBuildPhase section */

/* Begin PBXSourcesBuildPhase section */
		01833B671B3BE82C0058B22A /* Sources */ = {
			isa = PBXSourcesBuildPhase;
			buildActionMask = 2147483647;
			files = (
				017F74081B43CC8A00127DBE /* SpecsViewController.m in Sources */,
				01833B741B3BE82D0058B22A /* AppDelegate.m in Sources */,
				01833B9F1B3BE94C0058B22A /* PrimaryViewController.m in Sources */,
				01833B711B3BE82D0058B22A /* main.m in Sources */,
				01833BD71B3D16D00058B22A /* Functions.m in Sources */,
				012935A51B5CA12600B047EC /* SetStoreViewController.m in Sources */,
			);
			runOnlyForDeploymentPostprocessing = 0;
		};
		01833B7C1B3BE82D0058B22A /* Sources */ = {
			isa = PBXSourcesBuildPhase;
			buildActionMask = 2147483647;
			files = (
				01833B871B3BE82D0058B22A /* BBYScannerTests.m in Sources */,
			);
			runOnlyForDeploymentPostprocessing = 0;
		};
/* End PBXSourcesBuildPhase section */

/* Begin PBXTargetDependency section */
		01833B821B3BE82D0058B22A /* PBXTargetDependency */ = {
			isa = PBXTargetDependency;
			target = 01833B6A1B3BE82C0058B22A /* BBYScanner.temp_caseinsensitive_rename */;
			targetProxy = 01833B811B3BE82D0058B22A /* PBXContainerItemProxy */;
		};
/* End PBXTargetDependency section */

/* Begin PBXVariantGroup section */
		01833B791B3BE82D0058B22A /* LaunchScreen.xib */ = {
			isa = PBXVariantGroup;
			children = (
				01833B7A1B3BE82D0058B22A /* Base */,
			);
			name = LaunchScreen.xib;
			sourceTree = "<group>";
		};
/* End PBXVariantGroup section */

/* Begin XCBuildConfiguration section */
		01833B881B3BE82D0058B22A /* Debug */ = {
			isa = XCBuildConfiguration;
			buildSettings = {
				ALWAYS_SEARCH_USER_PATHS = NO;
				CLANG_CXX_LANGUAGE_STANDARD = "gnu++0x";
				CLANG_CXX_LIBRARY = "libc++";
				CLANG_ENABLE_MODULES = YES;
				CLANG_ENABLE_OBJC_ARC = YES;
				CLANG_WARN_BOOL_CONVERSION = YES;
				CLANG_WARN_CONSTANT_CONVERSION = YES;
				CLANG_WARN_DIRECT_OBJC_ISA_USAGE = YES_ERROR;
				CLANG_WARN_EMPTY_BODY = YES;
				CLANG_WARN_ENUM_CONVERSION = YES;
				CLANG_WARN_INT_CONVERSION = YES;
				CLANG_WARN_OBJC_ROOT_CLASS = YES_ERROR;
				CLANG_WARN_UNREACHABLE_CODE = YES;
				CLANG_WARN__DUPLICATE_METHOD_MATCH = YES;
				"CODE_SIGN_IDENTITY[sdk=iphoneos*]" = "iPhone Developer";
				COPY_PHASE_STRIP = NO;
				DEBUG_INFORMATION_FORMAT = "dwarf-with-dsym";
				ENABLE_STRICT_OBJC_MSGSEND = YES;
				GCC_C_LANGUAGE_STANDARD = gnu99;
				GCC_DYNAMIC_NO_PIC = NO;
				GCC_NO_COMMON_BLOCKS = YES;
				GCC_OPTIMIZATION_LEVEL = 0;
				GCC_PREPROCESSOR_DEFINITIONS = (
					"DEBUG=1",
					"$(inherited)",
				);
				GCC_SYMBOLS_PRIVATE_EXTERN = NO;
				GCC_WARN_64_TO_32_BIT_CONVERSION = YES;
				GCC_WARN_ABOUT_RETURN_TYPE = YES_ERROR;
				GCC_WARN_UNDECLARED_SELECTOR = YES;
				GCC_WARN_UNINITIALIZED_AUTOS = YES_AGGRESSIVE;
				GCC_WARN_UNUSED_FUNCTION = YES;
				GCC_WARN_UNUSED_VARIABLE = YES;
				IPHONEOS_DEPLOYMENT_TARGET = 8.0;
				MTL_ENABLE_DEBUG_INFO = YES;
				ONLY_ACTIVE_ARCH = YES;
				SDKROOT = iphoneos;
			};
			name = Debug;
		};
		01833B891B3BE82D0058B22A /* Release */ = {
			isa = XCBuildConfiguration;
			buildSettings = {
				ALWAYS_SEARCH_USER_PATHS = NO;
				CLANG_CXX_LANGUAGE_STANDARD = "gnu++0x";
				CLANG_CXX_LIBRARY = "libc++";
				CLANG_ENABLE_MODULES = YES;
				CLANG_ENABLE_OBJC_ARC = YES;
				CLANG_WARN_BOOL_CONVERSION = YES;
				CLANG_WARN_CONSTANT_CONVERSION = YES;
				CLANG_WARN_DIRECT_OBJC_ISA_USAGE = YES_ERROR;
				CLANG_WARN_EMPTY_BODY = YES;
				CLANG_WARN_ENUM_CONVERSION = YES;
				CLANG_WARN_INT_CONVERSION = YES;
				CLANG_WARN_OBJC_ROOT_CLASS = YES_ERROR;
				CLANG_WARN_UNREACHABLE_CODE = YES;
				CLANG_WARN__DUPLICATE_METHOD_MATCH = YES;
				"CODE_SIGN_IDENTITY[sdk=iphoneos*]" = "iPhone Developer";
				COPY_PHASE_STRIP = NO;
				DEBUG_INFORMATION_FORMAT = "dwarf-with-dsym";
				ENABLE_NS_ASSERTIONS = NO;
				ENABLE_STRICT_OBJC_MSGSEND = YES;
				GCC_C_LANGUAGE_STANDARD = gnu99;
				GCC_NO_COMMON_BLOCKS = YES;
				GCC_WARN_64_TO_32_BIT_CONVERSION = YES;
				GCC_WARN_ABOUT_RETURN_TYPE = YES_ERROR;
				GCC_WARN_UNDECLARED_SELECTOR = YES;
				GCC_WARN_UNINITIALIZED_AUTOS = YES_AGGRESSIVE;
				GCC_WARN_UNUSED_FUNCTION = YES;
				GCC_WARN_UNUSED_VARIABLE = YES;
				IPHONEOS_DEPLOYMENT_TARGET = 8.0;
				MTL_ENABLE_DEBUG_INFO = NO;
				SDKROOT = iphoneos;
				VALIDATE_PRODUCT = YES;
			};
			name = Release;
		};
		01833B8B1B3BE82D0058B22A /* Debug */ = {
			isa = XCBuildConfiguration;
			buildSettings = {
				ASSETCATALOG_COMPILER_APPICON_NAME = AppIcon;
				ASSETCATALOG_COMPILER_LAUNCHIMAGE_NAME = LaunchImage;
				CODE_SIGN_IDENTITY = "iPhone Developer";
				INFOPLIST_FILE = BBYScanner/Info.plist;
				IPHONEOS_DEPLOYMENT_TARGET = 7.0;
				LD_RUNPATH_SEARCH_PATHS = "$(inherited) @executable_path/Frameworks";
				PRODUCT_NAME = BBYScanner;
			};
			name = Debug;
		};
		01833B8C1B3BE82D0058B22A /* Release */ = {
			isa = XCBuildConfiguration;
			buildSettings = {
				ASSETCATALOG_COMPILER_APPICON_NAME = AppIcon;
				ASSETCATALOG_COMPILER_LAUNCHIMAGE_NAME = LaunchImage;
				CODE_SIGN_IDENTITY = "iPhone Developer";
				INFOPLIST_FILE = BBYScanner/Info.plist;
				IPHONEOS_DEPLOYMENT_TARGET = 7.0;
				LD_RUNPATH_SEARCH_PATHS = "$(inherited) @executable_path/Frameworks";
				PRODUCT_NAME = BBYScanner;
			};
			name = Release;
		};
		01833B8E1B3BE82D0058B22A /* Debug */ = {
			isa = XCBuildConfiguration;
			buildSettings = {
				BUNDLE_LOADER = "$(TEST_HOST)";
				FRAMEWORK_SEARCH_PATHS = (
					"$(SDKROOT)/Developer/Library/Frameworks",
					"$(inherited)",
				);
				GCC_PREPROCESSOR_DEFINITIONS = (
					"DEBUG=1",
					"$(inherited)",
				);
				INFOPLIST_FILE = BBYScannerTests/Info.plist;
				LD_RUNPATH_SEARCH_PATHS = "$(inherited) @executable_path/Frameworks @loader_path/Frameworks";
				PRODUCT_NAME = BBYScanner.temp_caseinsensitive_renameTests;
			};
			name = Debug;
		};
		01833B8F1B3BE82D0058B22A /* Release */ = {
			isa = XCBuildConfiguration;
			buildSettings = {
				BUNDLE_LOADER = "$(TEST_HOST)";
				FRAMEWORK_SEARCH_PATHS = (
					"$(SDKROOT)/Developer/Library/Frameworks",
					"$(inherited)",
				);
				INFOPLIST_FILE = BBYScannerTests/Info.plist;
				LD_RUNPATH_SEARCH_PATHS = "$(inherited) @executable_path/Frameworks @loader_path/Frameworks";
				PRODUCT_NAME = BBYScanner.temp_caseinsensitive_renameTests;
			};
			name = Release;
		};
/* End XCBuildConfiguration section */

/* Begin XCConfigurationList section */
		01833B661B3BE82C0058B22A /* Build configuration list for PBXProject "BBYScanner" */ = {
			isa = XCConfigurationList;
			buildConfigurations = (
				01833B881B3BE82D0058B22A /* Debug */,
				01833B891B3BE82D0058B22A /* Release */,
			);
			defaultConfigurationIsVisible = 0;
			defaultConfigurationName = Release;
		};
		01833B8A1B3BE82D0058B22A /* Build configuration list for PBXNativeTarget "BBYScanner.temp_caseinsensitive_rename" */ = {
			isa = XCConfigurationList;
			buildConfigurations = (
				01833B8B1B3BE82D0058B22A /* Debug */,
				01833B8C1B3BE82D0058B22A /* Release */,
			);
			defaultConfigurationIsVisible = 0;
			defaultConfigurationName = Release;
		};
		01833B8D1B3BE82D0058B22A /* Build configuration list for PBXNativeTarget "BBYScanner.temp_caseinsensitive_renameTests" */ = {
			isa = XCConfigurationList;
			buildConfigurations = (
				01833B8E1B3BE82D0058B22A /* Debug */,
				01833B8F1B3BE82D0058B22A /* Release */,
			);
			defaultConfigurationIsVisible = 0;
			defaultConfigurationName = Release;
		};
/* End XCConfigurationList section */
	};
	rootObject = 01833B631B3BE82C0058B22A /* Project object */;
}
